
Microsoft Visual Studio Solution File, Format Version 12.00
# Visual Studio Version 17
VisualStudioVersion = 17.13.35828.75 d17.13
MinimumVisualStudioVersion = 10.0.40219.1
Project("{FAE04EC0-301F-11D3-BF4B-00C04F79EFBC}") = "SpendSmart_Backend", "SpendSmart_Backend\SpendSmart_Backend.csproj", "{BC3DF869-34C2-4FAE-82EB-8F2F6D6FC614}"
EndProject
Global
	GlobalSection(SolutionConfigurationPlatforms) = preSolution
		Debug|Any CPU = Debug|Any CPU
		Release|Any CPU = Release|Any CPU
	EndGlobalSection
	GlobalSection(ProjectConfigurationPlatforms) = postSolution
		{BC3DF869-34C2-4FAE-82EB-8F2F6D6FC614}.Debug|Any CPU.ActiveCfg = Debug|Any CPU
		{BC3DF869-34C2-4FAE-82EB-8F2F6D6FC614}.Debug|Any CPU.Build.0 = Debug|Any CPU
		{BC3DF869-34C2-4FAE-82EB-8F2F6D6FC614}.Release|Any CPU.ActiveCfg = Release|Any CPU
		{BC3DF869-34C2-4FAE-82EB-8F2F6D6FC614}.Release|Any CPU.Build.0 = Release|Any CPU
	EndGlobalSection
	GlobalSection(SolutionProperties) = preSolution
		HideSolutionNode = FALSE
	EndGlobalSection
	GlobalSection(ExtensibilityGlobals) = postSolution
		SolutionGuid = {098955A0-D283-4E24-9AF1-CFD0C133EE64}
	EndGlobalSection
EndGlobal
